<?xml version="1.0" encoding="UTF-8" standalone="yes" ?>
<CodeBlocks_project_file>
	<FileVersion major="1" minor="6" />
	<Project>
		<Option title="HOPSAN++" />
		<Option pch_mode="2" />
		<Option compiler="gcc" />
		<Build>
			<Target title="DebugWin32">
				<Option platforms="Windows;" />
				<Option output="bin/Debug/HOPSAN++" prefix_auto="1" extension_auto="1" />
				<Option object_output="obj/Debug/" />
				<Option type="1" />
				<Option compiler="gcc" />
				<Compiler>
					<Add option="-g" />
				</Compiler>
				<Linker>
					<Add library="bin/Debug/libHOPSAN++.dll" />
				</Linker>
			</Target>
			<Target title="ReleaseWin32">
				<Option platforms="Windows;" />
				<Option output="bin/Release/HOPSAN++" prefix_auto="1" extension_auto="1" />
				<Option object_output="obj/Release/" />
				<Option type="1" />
				<Option compiler="gcc" />
				<Compiler>
					<Add option="-O2" />
				</Compiler>
				<Linker>
					<Add option="-s" />
					<Add library="bin/Debug/libHOPSAN++.dll" />
				</Linker>
			</Target>
			<Target title="DebugMAC">
				<Option platforms="Mac;" />
				<Option output="bin/Debug/HOPSAN++" prefix_auto="1" extension_auto="1" />
				<Option object_output="obj/Debug/" />
				<Option type="1" />
				<Option compiler="gcc" />
				<Compiler>
					<Add option="-g" />
					<Add option="-DMAC" />
				</Compiler>
				<Linker>
					<Add library="bin/Debug/libHOPSAN++.dylib" />
				</Linker>
			</Target>
			<Target title="DebugUnix">
				<Option platforms="Unix;" />
				<Option output="bin/Debug/HOPSAN++" prefix_auto="1" extension_auto="1" />
				<Option object_output="obj/Debug/" />
				<Option type="1" />
				<Option compiler="gcc" />
				<Compiler>
					<Add option="-g" />
				</Compiler>
				<Linker>
					<Add library="libHOPSAN++.so" />
					<Add directory="bin/Debug" />
				</Linker>
			</Target>
			<Target title="ReleaseUnix">
				<Option platforms="Unix;" />
				<Option output="bin/Release/HOPSAN++" prefix_auto="1" extension_auto="1" />
				<Option object_output="obj/Release/" />
				<Option type="1" />
				<Option compiler="gcc" />
				<Compiler>
					<Add option="-O2" />
				</Compiler>
				<Linker>
					<Add option="-s" />
					<Add library="bin/Debug/libHOPSAN++.so" />
				</Linker>
			</Target>
		</Build>
		<Compiler>
			<Add option="-Wall" />
			<Add directory="Utilities" />
			<Add directory="HopsanCore" />
		</Compiler>
		<Unit filename="HopsanCore/HopsanCore.h" />
		<Unit filename="Utilities/TicToc.cc" />
		<Unit filename="Utilities/TicToc.h" />
		<Unit filename="hopsan.cc" />
		<Extensions>
			<code_completion />
			<envvars />
			<debugger />
			<lib_finder disable_auto="1" />
		</Extensions>
	</Project>
</CodeBlocks_project_file>
