<?xml version="1.0" encoding="UTF-8" standalone="yes" ?>
<CodeBlocks_project_file>
	<FileVersion major="1" minor="6" />
	<Project>
		<Option title="libHydraulic" />
		<Option pch_mode="2" />
		<Option compiler="gcc" />
		<Build>
			<Target title="Debug">
				<Option platforms="Unix;Mac;" />
				<Option output="bin/Debug/libHydraulic" prefix_auto="1" extension_auto="1" />
				<Option object_output="obj/Debug/" />
				<Option type="3" />
				<Option compiler="gcc" />
				<Option createDefFile="1" />
				<Option createStaticLib="1" />
				<Compiler>
					<Add option="-g" />
					<Add option="-DMAC" />
				</Compiler>
				<Linker>
					<Add library="bin/Debug/libHOPSAN++.so" />
				</Linker>
			</Target>
			<Target title="Release">
				<Option platforms="Unix;Mac;" />
				<Option output="bin/Release/libHydraulic" prefix_auto="1" extension_auto="1" />
				<Option object_output="obj/Release/" />
				<Option type="3" />
				<Option compiler="gcc" />
				<Option createDefFile="1" />
				<Option createStaticLib="1" />
				<Compiler>
					<Add option="-O2" />
				</Compiler>
				<Linker>
					<Add option="-s" />
					<Add library="bin/Debug/libHOPSAN++.so" />
				</Linker>
			</Target>
			<Target title="DebugWin32">
				<Option platforms="Windows;" />
				<Option output="bin/Debug/libHydraulic" prefix_auto="1" extension_auto="1" />
				<Option object_output="obj/Debug/" />
				<Option type="3" />
				<Option compiler="gcc" />
				<Option createDefFile="1" />
				<Option createStaticLib="1" />
				<Compiler>
					<Add option="-g" />
				</Compiler>
				<Linker>
					<Add library="libHOPSAN++.dll" />
					<Add directory="bin/Debug" />
				</Linker>
			</Target>
			<Target title="ReleaseWin32">
				<Option platforms="Windows;" />
				<Option output="bin/Release/libHydraulic" prefix_auto="1" extension_auto="1" />
				<Option object_output="obj/Release/" />
				<Option type="3" />
				<Option compiler="gcc" />
				<Option createDefFile="1" />
				<Option createStaticLib="1" />
				<Compiler>
					<Add option="-O2" />
				</Compiler>
				<Linker>
					<Add option="-s" />
					<Add library="bin/Debug/libHOPSAN++.dll" />
				</Linker>
			</Target>
			<Target title="DebugMAC">
				<Option platforms="Unix;Mac;" />
				<Option output="/Users/bjoer37/svn/HOPSAN++/bin/Debug/libHydraulic" prefix_auto="1" extension_auto="1" />
				<Option object_output="/Users/bjoer37/svn/HOPSAN++/obj/Debug/" />
				<Option type="3" />
				<Option compiler="gcc" />
				<Option createDefFile="1" />
				<Option createStaticLib="1" />
				<Compiler>
					<Add option="-g" />
				</Compiler>
				<Linker>
					<Add library="bin/Debug/libHOPSAN++.dylib" />
				</Linker>
			</Target>
		</Build>
		<Compiler>
			<Add option="-Wall" />
			<Add option="-fPIC" />
			<Add directory="HopsanCore" />
			<Add directory="Nodes" />
			<Add directory="Components" />
		</Compiler>
		<Linker>
			<Add option="-shared" />
			<Add directory="bin/Debug" />
		</Linker>
		<Unit filename="Components/libHydraulic/externalOrifice.hpp" />
		<Unit filename="Components/libHydraulic/externalVolume.hpp" />
		<Unit filename="Components/libHydraulic/libHydraulic.cc" />
		<Unit filename="Components/libHydraulic/libHydraulic.h" />
		<Unit filename="HopsanCore/ClassFactory.h" />
		<Unit filename="HopsanCore/Component.h" />
		<Unit filename="HopsanCore/Node.h" />
		<Unit filename="HopsanCore/win32dll.h" />
		<Unit filename="Nodes/Nodes.h" />
		<Extensions>
			<code_completion />
			<envvars />
			<lib_finder disable_auto="1" />
			<debugger />
		</Extensions>
	</Project>
</CodeBlocks_project_file>
